
Microsoft Visual Studio Solution File, Format Version 12.00
# Visual Studio Version 17
VisualStudioVersion = 17.14.36616.10 d17.14
MinimumVisualStudioVersion = 10.0.40219.1
Project("{FAE04EC0-301F-11D3-BF4B-00C04F79EFBC}") = "SistemaFarmacia", "SistemaFarmacia.csproj", "{422DD4B9-2DE0-4C4C-920A-527164C42DF4}"
EndProject
Project("{FAE04EC0-301F-11D3-BF4B-00C04F79EFBC}") = "DAL", "..\DAL\DAL.csproj", "{2D1D6417-4082-453B-A200-7FAE6EDB5ED9}"
EndProject
Project("{FAE04EC0-301F-11D3-BF4B-00C04F79EFBC}") = "BL", "..\BL\BL.csproj", "{1273C424-EDF5-4380-8CC9-063AF51E56DB}"
EndProject
Project("{FAE04EC0-301F-11D3-BF4B-00C04F79EFBC}") = "Entidades", "..\Entidades\Entidades.csproj", "{169F8378-AAE6-4754-A5C8-E13DFB9A1D46}"
EndProject
Global
	GlobalSection(SolutionConfigurationPlatforms) = preSolution
		Debug|Any CPU = Debug|Any CPU
		Release|Any CPU = Release|Any CPU
	EndGlobalSection
	GlobalSection(ProjectConfigurationPlatforms) = postSolution
		{422DD4B9-2DE0-4C4C-920A-527164C42DF4}.Debug|Any CPU.ActiveCfg = Debug|Any CPU
		{422DD4B9-2DE0-4C4C-920A-527164C42DF4}.Debug|Any CPU.Build.0 = Debug|Any CPU
		{422DD4B9-2DE0-4C4C-920A-527164C42DF4}.Release|Any CPU.ActiveCfg = Release|Any CPU
		{422DD4B9-2DE0-4C4C-920A-527164C42DF4}.Release|Any CPU.Build.0 = Release|Any CPU
		{2D1D6417-4082-453B-A200-7FAE6EDB5ED9}.Debug|Any CPU.ActiveCfg = Debug|Any CPU
		{2D1D6417-4082-453B-A200-7FAE6EDB5ED9}.Debug|Any CPU.Build.0 = Debug|Any CPU
		{2D1D6417-4082-453B-A200-7FAE6EDB5ED9}.Release|Any CPU.ActiveCfg = Release|Any CPU
		{2D1D6417-4082-453B-A200-7FAE6EDB5ED9}.Release|Any CPU.Build.0 = Release|Any CPU
		{1273C424-EDF5-4380-8CC9-063AF51E56DB}.Debug|Any CPU.ActiveCfg = Debug|Any CPU
		{1273C424-EDF5-4380-8CC9-063AF51E56DB}.Debug|Any CPU.Build.0 = Debug|Any CPU
		{1273C424-EDF5-4380-8CC9-063AF51E56DB}.Release|Any CPU.ActiveCfg = Release|Any CPU
		{1273C424-EDF5-4380-8CC9-063AF51E56DB}.Release|Any CPU.Build.0 = Release|Any CPU
		{169F8378-AAE6-4754-A5C8-E13DFB9A1D46}.Debug|Any CPU.ActiveCfg = Debug|Any CPU
		{169F8378-AAE6-4754-A5C8-E13DFB9A1D46}.Debug|Any CPU.Build.0 = Debug|Any CPU
		{169F8378-AAE6-4754-A5C8-E13DFB9A1D46}.Release|Any CPU.ActiveCfg = Release|Any CPU
		{169F8378-AAE6-4754-A5C8-E13DFB9A1D46}.Release|Any CPU.Build.0 = Release|Any CPU
	EndGlobalSection
	GlobalSection(SolutionProperties) = preSolution
		HideSolutionNode = FALSE
	EndGlobalSection
	GlobalSection(ExtensibilityGlobals) = postSolution
		SolutionGuid = {9036CEDF-767A-466F-94C7-0F61C451DC00}
	EndGlobalSection
EndGlobal
